
Microsoft Visual Studio Solution File, Format Version 12.00
# Visual Studio 14
VisualStudioVersion = 14.0.25420.1
MinimumVisualStudioVersion = 10.0.40219.1
Project("{FAE04EC0-301F-11D3-BF4B-00C04F79EFBC}") = "RRSys", "RRSys\RRSys.csproj", "{FF6C65D5-BE17-4EB7-9C18-5C39E0860CAB}"
EndProject
Project("{FAE04EC0-301F-11D3-BF4B-00C04F79EFBC}") = "RRSys.Tests", "RRSys.Tests\RRSys.Tests.csproj", "{B3B8DB0E-96B8-4174-937E-64F33A3EACC5}"
EndProject
Project("{2150E333-8FDC-42A3-9474-1A3956D46DE8}") = "Solution Items", "Solution Items", "{1D23C177-868D-45D8-B0C3-AFCFCE458DFE}"
	ProjectSection(SolutionItems) = preProject
		WE-Palette.css = WE-Palette.css
	EndProjectSection
EndProject
Global
	GlobalSection(SolutionConfigurationPlatforms) = preSolution
		Debug|Any CPU = Debug|Any CPU
		Release|Any CPU = Release|Any CPU
	EndGlobalSection
	GlobalSection(ProjectConfigurationPlatforms) = postSolution
		{FF6C65D5-BE17-4EB7-9C18-5C39E0860CAB}.Debug|Any CPU.ActiveCfg = Debug|Any CPU
		{FF6C65D5-BE17-4EB7-9C18-5C39E0860CAB}.Debug|Any CPU.Build.0 = Debug|Any CPU
		{FF6C65D5-BE17-4EB7-9C18-5C39E0860CAB}.Release|Any CPU.ActiveCfg = Release|Any CPU
		{FF6C65D5-BE17-4EB7-9C18-5C39E0860CAB}.Release|Any CPU.Build.0 = Release|Any CPU
		{B3B8DB0E-96B8-4174-937E-64F33A3EACC5}.Debug|Any CPU.ActiveCfg = Debug|Any CPU
		{B3B8DB0E-96B8-4174-937E-64F33A3EACC5}.Debug|Any CPU.Build.0 = Debug|Any CPU
		{B3B8DB0E-96B8-4174-937E-64F33A3EACC5}.Release|Any CPU.ActiveCfg = Release|Any CPU
		{B3B8DB0E-96B8-4174-937E-64F33A3EACC5}.Release|Any CPU.Build.0 = Release|Any CPU
	EndGlobalSection
	GlobalSection(SolutionProperties) = preSolution
		HideSolutionNode = FALSE
	EndGlobalSection
EndGlobal
